
Microsoft Visual Studio Solution File, Format Version 12.00
# Visual Studio Version 17
VisualStudioVersion = 17.14.36414.22 d17.14
MinimumVisualStudioVersion = 10.0.40219.1
Project("{FAE04EC0-301F-11D3-BF4B-00C04F79EFBC}") = "Longest Common Prefix", "Longest Common Prefix.csproj", "{BF7E2408-A5AC-441A-94F9-34842D007DB9}"
EndProject
Global
	GlobalSection(SolutionConfigurationPlatforms) = preSolution
		Debug|Any CPU = Debug|Any CPU
		Release|Any CPU = Release|Any CPU
	EndGlobalSection
	GlobalSection(ProjectConfigurationPlatforms) = postSolution
		{BF7E2408-A5AC-441A-94F9-34842D007DB9}.Debug|Any CPU.ActiveCfg = Debug|Any CPU
		{BF7E2408-A5AC-441A-94F9-34842D007DB9}.Debug|Any CPU.Build.0 = Debug|Any CPU
		{BF7E2408-A5AC-441A-94F9-34842D007DB9}.Release|Any CPU.ActiveCfg = Release|Any CPU
		{BF7E2408-A5AC-441A-94F9-34842D007DB9}.Release|Any CPU.Build.0 = Release|Any CPU
	EndGlobalSection
	GlobalSection(SolutionProperties) = preSolution
		HideSolutionNode = FALSE
	EndGlobalSection
	GlobalSection(ExtensibilityGlobals) = postSolution
		SolutionGuid = {685589DE-7CCF-4B3A-AA38-2B80329DB034}
	EndGlobalSection
EndGlobal
