
Microsoft Visual Studio Solution File, Format Version 12.00
# Visual Studio Version 17
VisualStudioVersion = 17.14.36414.22 d17.14
MinimumVisualStudioVersion = 10.0.40219.1
Project("{FAE04EC0-301F-11D3-BF4B-00C04F79EFBC}") = "ApiFrontendDemo", "ApiFrontendDemo.csproj", "{A35887A4-4622-4DFD-B8BB-4B7D0418D6CB}"
EndProject
Global
	GlobalSection(SolutionConfigurationPlatforms) = preSolution
		Debug|Any CPU = Debug|Any CPU
		Release|Any CPU = Release|Any CPU
	EndGlobalSection
	GlobalSection(ProjectConfigurationPlatforms) = postSolution
		{A35887A4-4622-4DFD-B8BB-4B7D0418D6CB}.Debug|Any CPU.ActiveCfg = Debug|Any CPU
		{A35887A4-4622-4DFD-B8BB-4B7D0418D6CB}.Debug|Any CPU.Build.0 = Debug|Any CPU
		{A35887A4-4622-4DFD-B8BB-4B7D0418D6CB}.Release|Any CPU.ActiveCfg = Release|Any CPU
		{A35887A4-4622-4DFD-B8BB-4B7D0418D6CB}.Release|Any CPU.Build.0 = Release|Any CPU
	EndGlobalSection
	GlobalSection(SolutionProperties) = preSolution
		HideSolutionNode = FALSE
	EndGlobalSection
	GlobalSection(ExtensibilityGlobals) = postSolution
		SolutionGuid = {252EC7DD-49CE-4B9C-BFC1-F8B5C82B3F5B}
	EndGlobalSection
EndGlobal
