
Microsoft Visual Studio Solution File, Format Version 12.00
# Visual Studio Version 17
VisualStudioVersion = 17.14.36915.13 d17.14
MinimumVisualStudioVersion = 10.0.40219.1
Project("{888888A0-9F3D-457C-B088-3A5042F75D52}") = "HomeWork1 ML", "HomeWork1 ML.pyproj", "{8FE0757D-9366-4FE2-9996-FA2E23C8F3D3}"
EndProject
Global
	GlobalSection(SolutionConfigurationPlatforms) = preSolution
		Debug|Any CPU = Debug|Any CPU
		Release|Any CPU = Release|Any CPU
	EndGlobalSection
	GlobalSection(ProjectConfigurationPlatforms) = postSolution
		{8FE0757D-9366-4FE2-9996-FA2E23C8F3D3}.Debug|Any CPU.ActiveCfg = Debug|Any CPU
		{8FE0757D-9366-4FE2-9996-FA2E23C8F3D3}.Release|Any CPU.ActiveCfg = Release|Any CPU
	EndGlobalSection
	GlobalSection(SolutionProperties) = preSolution
		HideSolutionNode = FALSE
	EndGlobalSection
	GlobalSection(ExtensibilityGlobals) = postSolution
		SolutionGuid = {E47A7098-58FD-449F-9CBB-D9B822E44319}
	EndGlobalSection
EndGlobal
