
Microsoft Visual Studio Solution File, Format Version 12.00
# Visual Studio Version 17
VisualStudioVersion = 17.14.36915.13 d17.14
MinimumVisualStudioVersion = 10.0.40219.1
Project("{888888A0-9F3D-457C-B088-3A5042F75D52}") = "avg distance high dim", "avg distance high dim.pyproj", "{48F54AD8-057A-4582-9FE3-EBCFE92C64E0}"
EndProject
Global
	GlobalSection(SolutionConfigurationPlatforms) = preSolution
		Debug|Any CPU = Debug|Any CPU
		Release|Any CPU = Release|Any CPU
	EndGlobalSection
	GlobalSection(ProjectConfigurationPlatforms) = postSolution
		{48F54AD8-057A-4582-9FE3-EBCFE92C64E0}.Debug|Any CPU.ActiveCfg = Debug|Any CPU
		{48F54AD8-057A-4582-9FE3-EBCFE92C64E0}.Release|Any CPU.ActiveCfg = Release|Any CPU
	EndGlobalSection
	GlobalSection(SolutionProperties) = preSolution
		HideSolutionNode = FALSE
	EndGlobalSection
	GlobalSection(ExtensibilityGlobals) = postSolution
		SolutionGuid = {9D020BBB-0647-4AEB-8D00-0169C4F8FE50}
	EndGlobalSection
EndGlobal
