
Microsoft Visual Studio Solution File, Format Version 12.00
# Visual Studio Version 17
VisualStudioVersion = 17.14.36915.13 d17.14
MinimumVisualStudioVersion = 10.0.40219.1
Project("{888888A0-9F3D-457C-B088-3A5042F75D52}") = "TestInstalls", "TestInstalls.pyproj", "{7006BC74-7D8E-42A2-81EE-BB86F307E872}"
EndProject
Global
	GlobalSection(SolutionConfigurationPlatforms) = preSolution
		Debug|Any CPU = Debug|Any CPU
		Release|Any CPU = Release|Any CPU
	EndGlobalSection
	GlobalSection(ProjectConfigurationPlatforms) = postSolution
		{7006BC74-7D8E-42A2-81EE-BB86F307E872}.Debug|Any CPU.ActiveCfg = Debug|Any CPU
		{7006BC74-7D8E-42A2-81EE-BB86F307E872}.Release|Any CPU.ActiveCfg = Release|Any CPU
	EndGlobalSection
	GlobalSection(SolutionProperties) = preSolution
		HideSolutionNode = FALSE
	EndGlobalSection
	GlobalSection(ExtensibilityGlobals) = postSolution
		SolutionGuid = {78955B80-8CAF-4213-B235-27C2BCB8B405}
	EndGlobalSection
EndGlobal
